
Microsoft Visual Studio Solution File, Format Version 12.00
# Visual Studio 15
VisualStudioVersion = 15.0.27428.2002
MinimumVisualStudioVersion = 10.0.40219.1
Project("{FAE04EC0-301F-11D3-BF4B-00C04F79EFBC}") = "RestAPIModule", "RestAPIModule\RestAPIModule.csproj", "{C5586222-D49D-438F-AC5C-150EE4B89FD2}"
EndProject
Global
	GlobalSection(SolutionConfigurationPlatforms) = preSolution
		Debug|Any CPU = Debug|Any CPU
		Release|Any CPU = Release|Any CPU
	EndGlobalSection
	GlobalSection(ProjectConfigurationPlatforms) = postSolution
		{C5586222-D49D-438F-AC5C-150EE4B89FD2}.Debug|Any CPU.ActiveCfg = Debug|Any CPU
		{C5586222-D49D-438F-AC5C-150EE4B89FD2}.Debug|Any CPU.Build.0 = Debug|Any CPU
		{C5586222-D49D-438F-AC5C-150EE4B89FD2}.Release|Any CPU.ActiveCfg = Release|Any CPU
		{C5586222-D49D-438F-AC5C-150EE4B89FD2}.Release|Any CPU.Build.0 = Release|Any CPU
	EndGlobalSection
	GlobalSection(SolutionProperties) = preSolution
		HideSolutionNode = FALSE
	EndGlobalSection
	GlobalSection(ExtensibilityGlobals) = postSolution
		SolutionGuid = {F4BDD85D-60A0-4238-9150-5F26FDB0F65D}
	EndGlobalSection
EndGlobal
